lockfileVersion: '6.0'

settings:
  autoInstallPeers: true
  excludeLinksFromLockfile: false

dependencies:
  '@defer/client':
    specifier: ^1.14.1
    version: 1.14.1

devDependencies:
  '@types/node':
    specifier: ^20.10.5
    version: 20.10.5
  typescript:
    specifier: ^5.3.3
    version: 5.3.3

packages:

  /@defer/client@1.14.1:
    resolution: {integrity: sha512-sSZHsd7pLznmS+ISdYjsokCETpRDsz3wumB3XEvBrWBwQEFsdkknZo6K7BMfmpnLjQBn7DBJXFI3AOn8DScLAw==}
    engines: {node: '>=18'}
    dependencies:
      parse-duration: 1.1.0
    dev: false

  /@types/node@20.10.5:
    resolution: {integrity: sha512-nNPsNE65wjMxEKI93yOP+NPGGBJz/PoN3kZsVLee0XMiJolxSekEVD8wRwBUBqkwc7UWop0edW50yrCQW4CyRw==}
    dependencies:
      undici-types: 5.26.5
    dev: true

  /parse-duration@1.1.0:
    resolution: {integrity: sha512-z6t9dvSJYaPoQq7quMzdEagSFtpGu+utzHqqxmpVWNNZRIXnvqyCvn9XsTdh7c/w0Bqmdz3RB3YnRaKtpRtEXQ==}
    dev: false

  /typescript@5.3.3:
    resolution: {integrity: sha512-pXWcraxM0uxAS+tN0AG/BF2TyqmHO014Z070UsJ+pFvYuRSq8KH8DmWpnbXe0pEPDHXZV3FcAbJkijJ5oNEnWw==}
    engines: {node: '>=14.17'}
    hasBin: true
    dev: true

  /undici-types@5.26.5:
    resolution: {integrity: sha512-JlCMO+ehdEIKqlFxk6IfVoAUVmgz7cU7zD/h9XZ0qzeosSHmUJVOzSQvvYSYWXkFXC+IfLKSIffhv0sVZup6pA==}
    dev: true
