lockfileVersion: '6.0'

settings:
  autoInstallPeers: true
  excludeLinksFromLockfile: false

dependencies:
  '@defer/client':
    specifier: ^1.13.0
    version: 1.13.0

devDependencies:
  '@types/node':
    specifier: ^20.10.0
    version: 20.10.0
  typescript:
    specifier: ^5.2.2
    version: 5.2.2

packages:

  /@defer/client@1.13.0:
    resolution: {integrity: sha512-UAnfRdsn9fwCP2DuZbRnENMY7FsJDt0bw9SBLJEcB6qX+kjvWQbgO/nvTzY8l7hyAJm755pyOH/Anc1nGz6wPg==}
    engines: {node: '>=18'}
    dependencies:
      parse-duration: 1.1.0
    dev: false

  /@types/node@20.10.0:
    resolution: {integrity: sha512-D0WfRmU9TQ8I9PFx9Yc+EBHw+vSpIub4IDvQivcp26PtPrdMGAq5SDcpXEo/epqa/DXotVpekHiLNTg3iaKXBQ==}
    dependencies:
      undici-types: 5.26.5
    dev: true

  /parse-duration@1.1.0:
    resolution: {integrity: sha512-z6t9dvSJYaPoQq7quMzdEagSFtpGu+utzHqqxmpVWNNZRIXnvqyCvn9XsTdh7c/w0Bqmdz3RB3YnRaKtpRtEXQ==}
    dev: false

  /typescript@5.2.2:
    resolution: {integrity: sha512-mI4WrpHsbCIcwT9cF4FZvr80QUeKvsUsUvKDoR+X/7XHQH98xYD8YHZg7ANtz2GtZt/CBq2QJ0thkGJMHfqc1w==}
    engines: {node: '>=14.17'}
    hasBin: true
    dev: true

  /undici-types@5.26.5:
    resolution: {integrity: sha512-JlCMO+ehdEIKqlFxk6IfVoAUVmgz7cU7zD/h9XZ0qzeosSHmUJVOzSQvvYSYWXkFXC+IfLKSIffhv0sVZup6pA==}
    dev: true
